// !$*UTF8*$!
{
	archiveVersion = 1;
	classes = {
	};
	objectVersion = 56;
	objects = {

/* Begin PBXBuildFile section */
		A569E4772A6BA84F00DE621E /* SwiftUI_TabViewApp.swift in Sources */ = {isa = PBXBuildFile; fileRef = A569E4762A6BA84F00DE621E /* SwiftUI_TabViewApp.swift */; };
		A569E4792A6BA84F00DE621E /* ContentView.swift in Sources */ = {isa = PBXBuildFile; fileRef = A569E4782A6BA84F00DE621E /* ContentView.swift */; };
		A569E47B2A6BA85000DE621E /* Assets.xcassets in Resources */ = {isa = PBXBuildFile; fileRef = A569E47A2A6BA85000DE621E /* Assets.xcassets */; };
		A569E47E2A6BA85000DE621E /* Preview Assets.xcassets in Resources */ = {isa = PBXBuildFile; fileRef = A569E47D2A6BA85000DE621E /* Preview Assets.xcassets */; };
		A569E4852A6BA91E00DE621E /* RedOneVew.swift in Sources */ = {isa = PBXBuildFile; fileRef = A569E4842A6BA91E00DE621E /* RedOneVew.swift */; };
		A569E4872A6BA93C00DE621E /* BlueTwoView.swift in Sources */ = {isa = PBXBuildFile; fileRef = A569E4862A6BA93C00DE621E /* BlueTwoView.swift */; };
		A569E4892A6BA95300DE621E /* GreenThreeView.swift in Sources */ = {isa = PBXBuildFile; fileRef = A569E4882A6BA95300DE621E /* GreenThreeView.swift */; };
/* End PBXBuildFile section */

/* Begin PBXFileReference section */
		A569E4732A6BA84F00DE621E /* SwiftUI-TabView.app */ = {isa = PBXFileReference; explicitFileType = wrapper.application; includeInIndex = 0; path = "SwiftUI-TabView.app"; sourceTree = BUILT_PRODUCTS_DIR; };
		A569E4762A6BA84F00DE621E /* SwiftUI_TabViewApp.swift */ = {isa = PBXFileReference; lastKnownFileType = sourcecode.swift; path = SwiftUI_TabViewApp.swift; sourceTree = "<group>"; };
		A569E4782A6BA84F00DE621E /* ContentView.swift */ = {isa = PBXFileReference; lastKnownFileType = sourcecode.swift; path = ContentView.swift; sourceTree = "<group>"; };
		A569E47A2A6BA85000DE621E /* Assets.xcassets */ = {isa = PBXFileReference; lastKnownFileType = folder.assetcatalog; path = Assets.xcassets; sourceTree = "<group>"; };
		A569E47D2A6BA85000DE621E /* Preview Assets.xcassets */ = {isa = PBXFileReference; lastKnownFileType = folder.assetcatalog; path = "Preview Assets.xcassets"; sourceTree = "<group>"; };
		A569E4842A6BA91E00DE621E /* RedOneVew.swift */ = {isa = PBXFileReference; lastKnownFileType = sourcecode.swift; path = RedOneVew.swift; sourceTree = "<group>"; };
		A569E4862A6BA93C00DE621E /* BlueTwoView.swift */ = {isa = PBXFileReference; lastKnownFileType = sourcecode.swift; path = BlueTwoView.swift; sourceTree = "<group>"; };
		A569E4882A6BA95300DE621E /* GreenThreeView.swift */ = {isa = PBXFileReference; lastKnownFileType = sourcecode.swift; path = GreenThreeView.swift; sourceTree = "<group>"; };
/* End PBXFileReference section */

/* Begin PBXFrameworksBuildPhase section */
		A569E4702A6BA84F00DE621E /* Frameworks */ = {
			isa = PBXFrameworksBuildPhase;
			buildActionMask = 2147483647;
			files = (
			);
			runOnlyForDeploymentPostprocessing = 0;
		};
/* End PBXFrameworksBuildPhase section */

/* Begin PBXGroup section */
		A569E46A2A6BA84F00DE621E = {
			isa = PBXGroup;
			children = (
				A569E4752A6BA84F00DE621E /* SwiftUI-TabView */,
				A569E4742A6BA84F00DE621E /* Products */,
			);
			sourceTree = "<group>";
		};
		A569E4742A6BA84F00DE621E /* Products */ = {
			isa = PBXGroup;
			children = (
				A569E4732A6BA84F00DE621E /* SwiftUI-TabView.app */,
			);
			name = Products;
			sourceTree = "<group>";
		};
		A569E4752A6BA84F00DE621E /* SwiftUI-TabView */ = {
			isa = PBXGroup;
			children = (
				A569E4762A6BA84F00DE621E /* SwiftUI_TabViewApp.swift */,
				A569E4782A6BA84F00DE621E /* ContentView.swift */,
				A569E4842A6BA91E00DE621E /* RedOneVew.swift */,
				A569E4862A6BA93C00DE621E /* BlueTwoView.swift */,
				A569E4882A6BA95300DE621E /* GreenThreeView.swift */,
				A569E47A2A6BA85000DE621E /* Assets.xcassets */,
				A569E47C2A6BA85000DE621E /* Preview Content */,
			);
			path = "SwiftUI-TabView";
			sourceTree = "<group>";
		};
		A569E47C2A6BA85000DE621E /* Preview Content */ = {
			isa = PBXGroup;
			children = (
				A569E47D2A6BA85000DE621E /* Preview Assets.xcassets */,
			);
			path = "Preview Content";
			sourceTree = "<group>";
		};
/* End PBXGroup section */

/* Begin PBXNativeTarget section */
		A569E4722A6BA84F00DE621E /* SwiftUI-TabView */ = {
			isa = PBXNativeTarget;
			buildConfigurationList = A569E4812A6BA85000DE621E /* Build configuration list for PBXNativeTarget "SwiftUI-TabView" */;
			buildPhases = (
				A569E46F2A6BA84F00DE621E /* Sources */,
				A569E4702A6BA84F00DE621E /* Frameworks */,
				A569E4712A6BA84F00DE621E /* Resources */,
			);
			buildRules = (
			);
			dependencies = (
			);
			name = "SwiftUI-TabView";
			productName = "SwiftUI-TabView";
			productReference = A569E4732A6BA84F00DE621E /* SwiftUI-TabView.app */;
			productType = "com.apple.product-type.application";
		};
/* End PBXNativeTarget section */

/* Begin PBXProject section */
		A569E46B2A6BA84F00DE621E /* Project object */ = {
			isa = PBXProject;
			attributes = {
				BuildIndependentTargetsInParallel = 1;
				LastSwiftUpdateCheck = 1410;
				LastUpgradeCheck = 1410;
				TargetAttributes = {
					A569E4722A6BA84F00DE621E = {
						CreatedOnToolsVersion = 14.1;
					};
				};
			};
			buildConfigurationList = A569E46E2A6BA84F00DE621E /* Build configuration list for PBXProject "SwiftUI-TabView" */;
			compatibilityVersion = "Xcode 14.0";
			developmentRegion = en;
			hasScannedForEncodings = 0;
			knownRegions = (
				en,
				Base,
			);
			mainGroup = A569E46A2A6BA84F00DE621E;
			productRefGroup = A569E4742A6BA84F00DE621E /* Products */;
			projectDirPath = "";
			projectRoot = "";
			targets = (
				A569E4722A6BA84F00DE621E /* SwiftUI-TabView */,
			);
		};
/* End PBXProject section */

/* Begin PBXResourcesBuildPhase section */
		A569E4712A6BA84F00DE621E /* Resources */ = {
			isa = PBXResourcesBuildPhase;
			buildActionMask = 2147483647;
			files = (
				A569E47E2A6BA85000DE621E /* Preview Assets.xcassets in Resources */,
				A569E47B2A6BA85000DE621E /* Assets.xcassets in Resources */,
			);
			runOnlyForDeploymentPostprocessing = 0;
		};
/* End PBXResourcesBuildPhase section */

/* Begin PBXSourcesBuildPhase section */
		A569E46F2A6BA84F00DE621E /* Sources */ = {
			isa = PBXSourcesBuildPhase;
			buildActionMask = 2147483647;
			files = (
				A569E4792A6BA84F00DE621E /* ContentView.swift in Sources */,
				A569E4872A6BA93C00DE621E /* BlueTwoView.swift in Sources */,
				A569E4772A6BA84F00DE621E /* SwiftUI_TabViewApp.swift in Sources */,
				A569E4852A6BA91E00DE621E /* RedOneVew.swift in Sources */,
				A569E4892A6BA95300DE621E /* GreenThreeView.swift in Sources */,
			);
			runOnlyForDeploymentPostprocessing = 0;
		};
/* End PBXSourcesBuildPhase section */

/* Begin XCBuildConfiguration section */
		A569E47F2A6BA85000DE621E /* Debug */ = {
			isa = XCBuildConfiguration;
			buildSettings = {
				ALWAYS_SEARCH_USER_PATHS = NO;
				CLANG_ANALYZER_NONNULL = YES;
				CLANG_ANALYZER_NUMBER_OBJECT_CONVERSION = YES_AGGRESSIVE;
				CLANG_CXX_LANGUAGE_STANDARD = "gnu++20";
				CLANG_ENABLE_MODULES = YES;
				CLANG_ENABLE_OBJC_ARC = YES;
				CLANG_ENABLE_OBJC_WEAK = YES;
				CLANG_WARN_BLOCK_CAPTURE_AUTORELEASING = YES;
				CLANG_WARN_BOOL_CONVERSION = YES;
				CLANG_WARN_COMMA = YES;
				CLANG_WARN_CONSTANT_CONVERSION = YES;
				CLANG_WARN_DEPRECATED_OBJC_IMPLEMENTATIONS = YES;
				CLANG_WARN_DIRECT_OBJC_ISA_USAGE = YES_ERROR;
				CLANG_WARN_DOCUMENTATION_COMMENTS = YES;
				CLANG_WARN_EMPTY_BODY = YES;
				CLANG_WARN_ENUM_CONVERSION = YES;
				CLANG_WARN_INFINITE_RECURSION = YES;
				CLANG_WARN_INT_CONVERSION = YES;
				CLANG_WARN_NON_LITERAL_NULL_CONVERSION = YES;
				CLANG_WARN_OBJC_IMPLICIT_RETAIN_SELF = YES;
				CLANG_WARN_OBJC_LITERAL_CONVERSION = YES;
				CLANG_WARN_OBJC_ROOT_CLASS = YES_ERROR;
				CLANG_WARN_QUOTED_INCLUDE_IN_FRAMEWORK_HEADER = YES;
				CLANG_WARN_RANGE_LOOP_ANALYSIS = YES;
				CLANG_WARN_STRICT_PROTOTYPES = YES;
				CLANG_WARN_SUSPICIOUS_MOVE = YES;
				CLANG_WARN_UNGUARDED_AVAILABILITY = YES_AGGRESSIVE;
				CLANG_WARN_UNREACHABLE_CODE = YES;
				CLANG_WARN__DUPLICATE_METHOD_MATCH = YES;
				COPY_PHASE_STRIP = NO;
				DEBUG_INFORMATION_FORMAT = dwarf;
				ENABLE_STRICT_OBJC_MSGSEND = YES;
				ENABLE_TESTABILITY = YES;
				GCC_C_LANGUAGE_STANDARD = gnu11;
				GCC_DYNAMIC_NO_PIC = NO;
				GCC_NO_COMMON_BLOCKS = YES;
				GCC_OPTIMIZATION_LEVEL = 0;
				GCC_PREPROCESSOR_DEFINITIONS = (
					"DEBUG=1",
					"$(inherited)",
				);
				GCC_WARN_64_TO_32_BIT_CONVERSION = YES;
				GCC_WARN_ABOUT_RETURN_TYPE = YES_ERROR;
				GCC_WARN_UNDECLARED_SELECTOR = YES;
				GCC_WARN_UNINITIALIZED_AUTOS = YES_AGGRESSIVE;
				GCC_WARN_UNUSED_FUNCTION = YES;
				GCC_WARN_UNUSED_VARIABLE = YES;
				IPHONEOS_DEPLOYMENT_TARGET = 16.1;
				MTL_ENABLE_DEBUG_INFO = INCLUDE_SOURCE;
				MTL_FAST_MATH = YES;
				ONLY_ACTIVE_ARCH = YES;
				SDKROOT = iphoneos;
				SWIFT_ACTIVE_COMPILATION_CONDITIONS = DEBUG;
				SWIFT_OPTIMIZATION_LEVEL = "-Onone";
			};
			name = Debug;
		};
		A569E4802A6BA85000DE621E /* Release */ = {
			isa = XCBuildConfiguration;
			buildSettings = {
				ALWAYS_SEARCH_USER_PATHS = NO;
				CLANG_ANALYZER_NONNULL = YES;
				CLANG_ANALYZER_NUMBER_OBJECT_CONVERSION = YES_AGGRESSIVE;
				CLANG_CXX_LANGUAGE_STANDARD = "gnu++20";
				CLANG_ENABLE_MODULES = YES;
				CLANG_ENABLE_OBJC_ARC = YES;
				CLANG_ENABLE_OBJC_WEAK = YES;
				CLANG_WARN_BLOCK_CAPTURE_AUTORELEASING = YES;
				CLANG_WARN_BOOL_CONVERSION = YES;
				CLANG_WARN_COMMA = YES;
				CLANG_WARN_CONSTANT_CONVERSION = YES;
				CLANG_WARN_DEPRECATED_OBJC_IMPLEMENTATIONS = YES;
				CLANG_WARN_DIRECT_OBJC_ISA_USAGE = YES_ERROR;
				CLANG_WARN_DOCUMENTATION_COMMENTS = YES;
				CLANG_WARN_EMPTY_BODY = YES;
				CLANG_WARN_ENUM_CONVERSION = YES;
				CLANG_WARN_INFINITE_RECURSION = YES;
				CLANG_WARN_INT_CONVERSION = YES;
				CLANG_WARN_NON_LITERAL_NULL_CONVERSION = YES;
				CLANG_WARN_OBJC_IMPLICIT_RETAIN_SELF = YES;
				CLANG_WARN_OBJC_LITERAL_CONVERSION = YES;
				CLANG_WARN_OBJC_ROOT_CLASS = YES_ERROR;
				CLANG_WARN_QUOTED_INCLUDE_IN_FRAMEWORK_HEADER = YES;
				CLANG_WARN_RANGE_LOOP_ANALYSIS = YES;
				CLANG_WARN_STRICT_PROTOTYPES = YES;
				CLANG_WARN_SUSPICIOUS_MOVE = YES;
				CLANG_WARN_UNGUARDED_AVAILABILITY = YES_AGGRESSIVE;
				CLANG_WARN_UNREACHABLE_CODE = YES;
				CLANG_WARN__DUPLICATE_METHOD_MATCH = YES;
				COPY_PHASE_STRIP = NO;
				DEBUG_INFORMATION_FORMAT = "dwarf-with-dsym";
				ENABLE_NS_ASSERTIONS = NO;
				ENABLE_STRICT_OBJC_MSGSEND = YES;
				GCC_C_LANGUAGE_STANDARD = gnu11;
				GCC_NO_COMMON_BLOCKS = YES;
				GCC_WARN_64_TO_32_BIT_CONVERSION = YES;
				GCC_WARN_ABOUT_RETURN_TYPE = YES_ERROR;
				GCC_WARN_UNDECLARED_SELECTOR = YES;
				GCC_WARN_UNINITIALIZED_AUTOS = YES_AGGRESSIVE;
				GCC_WARN_UNUSED_FUNCTION = YES;
				GCC_WARN_UNUSED_VARIABLE = YES;
				IPHONEOS_DEPLOYMENT_TARGET = 16.1;
				MTL_ENABLE_DEBUG_INFO = NO;
				MTL_FAST_MATH = YES;
				SDKROOT = iphoneos;
				SWIFT_COMPILATION_MODE = wholemodule;
				SWIFT_OPTIMIZATION_LEVEL = "-O";
				VALIDATE_PRODUCT = YES;
			};
			name = Release;
		};
		A569E4822A6BA85000DE621E /* Debug */ = {
			isa = XCBuildConfiguration;
			buildSettings = {
				ASSETCATALOG_COMPILER_APPICON_NAME = AppIcon;
				ASSETCATALOG_COMPILER_GLOBAL_ACCENT_COLOR_NAME = AccentColor;
				CODE_SIGN_STYLE = Automatic;
				CURRENT_PROJECT_VERSION = 1;
				DEVELOPMENT_ASSET_PATHS = "\"SwiftUI-TabView/Preview Content\"";
				DEVELOPMENT_TEAM = 96Y8DS5G38;
				ENABLE_PREVIEWS = YES;
				GENERATE_INFOPLIST_FILE = YES;
				INFOPLIST_KEY_UIApplicationSceneManifest_Generation = YES;
				INFOPLIST_KEY_UIApplicationSupportsIndirectInputEvents = YES;
				INFOPLIST_KEY_UILaunchScreen_Generation = YES;
				INFOPLIST_KEY_UISupportedInterfaceOrientations_iPad = "UIInterfaceOrientationPortrait UIInterfaceOrientationPortraitUpsideDown UIInterfaceOrientationLandscapeLeft UIInterfaceOrientationLandscapeRight";
				INFOPLIST_KEY_UISupportedInterfaceOrientations_iPhone = "UIInterfaceOrientationPortrait UIInterfaceOrientationLandscapeLeft UIInterfaceOrientationLandscapeRight";
				LD_RUNPATH_SEARCH_PATHS = (
					"$(inherited)",
					"@executable_path/Frameworks",
				);
				MARKETING_VERSION = 1.0;
				PRODUCT_BUNDLE_IDENTIFIER = "dreamdesign.SwiftUI-TabView";
				PRODUCT_NAME = "$(TARGET_NAME)";
				SWIFT_EMIT_LOC_STRINGS = YES;
				SWIFT_VERSION = 5.0;
				TARGETED_DEVICE_FAMILY = "1,2";
			};
			name = Debug;
		};
		A569E4832A6BA85000DE621E /* Release */ = {
			isa = XCBuildConfiguration;
			buildSettings = {
				ASSETCATALOG_COMPILER_APPICON_NAME = AppIcon;
				ASSETCATALOG_COMPILER_GLOBAL_ACCENT_COLOR_NAME = AccentColor;
				CODE_SIGN_STYLE = Automatic;
				CURRENT_PROJECT_VERSION = 1;
				DEVELOPMENT_ASSET_PATHS = "\"SwiftUI-TabView/Preview Content\"";
				DEVELOPMENT_TEAM = 96Y8DS5G38;
				ENABLE_PREVIEWS = YES;
				GENERATE_INFOPLIST_FILE = YES;
				INFOPLIST_KEY_UIApplicationSceneManifest_Generation = YES;
				INFOPLIST_KEY_UIApplicationSupportsIndirectInputEvents = YES;
				INFOPLIST_KEY_UILaunchScreen_Generation = YES;
				INFOPLIST_KEY_UISupportedInterfaceOrientations_iPad = "UIInterfaceOrientationPortrait UIInterfaceOrientationPortraitUpsideDown UIInterfaceOrientationLandscapeLeft UIInterfaceOrientationLandscapeRight";
				INFOPLIST_KEY_UISupportedInterfaceOrientations_iPhone = "UIInterfaceOrientationPortrait UIInterfaceOrientationLandscapeLeft UIInterfaceOrientationLandscapeRight";
				LD_RUNPATH_SEARCH_PATHS = (
					"$(inherited)",
					"@executable_path/Frameworks",
				);
				MARKETING_VERSION = 1.0;
				PRODUCT_BUNDLE_IDENTIFIER = "dreamdesign.SwiftUI-TabView";
				PRODUCT_NAME = "$(TARGET_NAME)";
				SWIFT_EMIT_LOC_STRINGS = YES;
				SWIFT_VERSION = 5.0;
				TARGETED_DEVICE_FAMILY = "1,2";
			};
			name = Release;
		};
/* End XCBuildConfiguration section */

/* Begin XCConfigurationList section */
		A569E46E2A6BA84F00DE621E /* Build configuration list for PBXProject "SwiftUI-TabView" */ = {
			isa = XCConfigurationList;
			buildConfigurations = (
				A569E47F2A6BA85000DE621E /* Debug */,
				A569E4802A6BA85000DE621E /* Release */,
			);
			defaultConfigurationIsVisible = 0;
			defaultConfigurationName = Release;
		};
		A569E4812A6BA85000DE621E /* Build configuration list for PBXNativeTarget "SwiftUI-TabView" */ = {
			isa = XCConfigurationList;
			buildConfigurations = (
				A569E4822A6BA85000DE621E /* Debug */,
				A569E4832A6BA85000DE621E /* Release */,
			);
			defaultConfigurationIsVisible = 0;
			defaultConfigurationName = Release;
		};
/* End XCConfigurationList section */
	};
	rootObject = A569E46B2A6BA84F00DE621E /* Project object */;
}
